
Microsoft Visual Studio Solution File, Format Version 12.00
# Visual Studio Version 17
VisualStudioVersion = 17.0.31903.59
MinimumVisualStudioVersion = 10.0.40219.1
Project("{2150E333-8FDC-42A3-9474-1A3956D46DE8}") = "src", "src", "{827E0CD3-B72D-47B6-A68D-7590B98EB39B}"
EndProject
Project("{FAE04EC0-301F-11D3-BF4B-00C04F79EFBC}") = "Kbot.Common", "src\Kbot.Common\Kbot.Common.csproj", "{2DDF9DF2-494B-47EC-BDCE-92507D85175C}"
EndProject
Project("{FAE04EC0-301F-11D3-BF4B-00C04F79EFBC}") = "Kbot.DcaService", "src\Kbot.DcaService\Kbot.DcaService.csproj", "{58C8B7A4-2B75-47CB-9AD4-16C7ED796E90}"
EndProject
Project("{FAE04EC0-301F-11D3-BF4B-00C04F79EFBC}") = "Kbot.MailService", "src\Kbot.MailService\Kbot.MailService.csproj", "{ACFD29BE-0A64-4C8B-ABCA-40D4F2188D06}"
EndProject
Project("{2150E333-8FDC-42A3-9474-1A3956D46DE8}") = "test", "test", "{0C88DD14-F956-CE84-757C-A364CCF449FC}"
EndProject
Project("{FAE04EC0-301F-11D3-BF4B-00C04F79EFBC}") = "Kbot.Common.Test", "test\Kbot.Common.Test\Kbot.Common.Test.csproj", "{7A29711E-1E4D-41AD-93AF-9EC7327BC7AD}"
EndProject
Project("{FAE04EC0-301F-11D3-BF4B-00C04F79EFBC}") = "Kbot.DcaService.Test", "test\Kbot.DcaService.Test\Kbot.DcaService.Test.csproj", "{97B7769C-FF13-4276-AE23-A182279B2705}"
EndProject
Project("{FAE04EC0-301F-11D3-BF4B-00C04F79EFBC}") = "Kbot.MailService.Test", "test\Kbot.MailService.Test\Kbot.MailService.Test.csproj", "{DDA6987B-3C57-441F-83F6-D05C08CCE74C}"
EndProject
Global
	GlobalSection(SolutionConfigurationPlatforms) = preSolution
		Debug|Any CPU = Debug|Any CPU
		Debug|x64 = Debug|x64
		Debug|x86 = Debug|x86
		Release|Any CPU = Release|Any CPU
		Release|x64 = Release|x64
		Release|x86 = Release|x86
	EndGlobalSection
	GlobalSection(ProjectConfigurationPlatforms) = postSolution
		{2DDF9DF2-494B-47EC-BDCE-92507D85175C}.Debug|Any CPU.ActiveCfg = Debug|Any CPU
		{2DDF9DF2-494B-47EC-BDCE-92507D85175C}.Debug|Any CPU.Build.0 = Debug|Any CPU
		{2DDF9DF2-494B-47EC-BDCE-92507D85175C}.Debug|x64.ActiveCfg = Debug|Any CPU
		{2DDF9DF2-494B-47EC-BDCE-92507D85175C}.Debug|x64.Build.0 = Debug|Any CPU
		{2DDF9DF2-494B-47EC-BDCE-92507D85175C}.Debug|x86.ActiveCfg = Debug|Any CPU
		{2DDF9DF2-494B-47EC-BDCE-92507D85175C}.Debug|x86.Build.0 = Debug|Any CPU
		{2DDF9DF2-494B-47EC-BDCE-92507D85175C}.Release|Any CPU.ActiveCfg = Release|Any CPU
		{2DDF9DF2-494B-47EC-BDCE-92507D85175C}.Release|Any CPU.Build.0 = Release|Any CPU
		{2DDF9DF2-494B-47EC-BDCE-92507D85175C}.Release|x64.ActiveCfg = Release|Any CPU
		{2DDF9DF2-494B-47EC-BDCE-92507D85175C}.Release|x64.Build.0 = Release|Any CPU
		{2DDF9DF2-494B-47EC-BDCE-92507D85175C}.Release|x86.ActiveCfg = Release|Any CPU
		{2DDF9DF2-494B-47EC-BDCE-92507D85175C}.Release|x86.Build.0 = Release|Any CPU
		{58C8B7A4-2B75-47CB-9AD4-16C7ED796E90}.Debug|Any CPU.ActiveCfg = Debug|Any CPU
		{58C8B7A4-2B75-47CB-9AD4-16C7ED796E90}.Debug|Any CPU.Build.0 = Debug|Any CPU
		{58C8B7A4-2B75-47CB-9AD4-16C7ED796E90}.Debug|x64.ActiveCfg = Debug|Any CPU
		{58C8B7A4-2B75-47CB-9AD4-16C7ED796E90}.Debug|x64.Build.0 = Debug|Any CPU
		{58C8B7A4-2B75-47CB-9AD4-16C7ED796E90}.Debug|x86.ActiveCfg = Debug|Any CPU
		{58C8B7A4-2B75-47CB-9AD4-16C7ED796E90}.Debug|x86.Build.0 = Debug|Any CPU
		{58C8B7A4-2B75-47CB-9AD4-16C7ED796E90}.Release|Any CPU.ActiveCfg = Release|Any CPU
		{58C8B7A4-2B75-47CB-9AD4-16C7ED796E90}.Release|Any CPU.Build.0 = Release|Any CPU
		{58C8B7A4-2B75-47CB-9AD4-16C7ED796E90}.Release|x64.ActiveCfg = Release|Any CPU
		{58C8B7A4-2B75-47CB-9AD4-16C7ED796E90}.Release|x64.Build.0 = Release|Any CPU
		{58C8B7A4-2B75-47CB-9AD4-16C7ED796E90}.Release|x86.ActiveCfg = Release|Any CPU
		{58C8B7A4-2B75-47CB-9AD4-16C7ED796E90}.Release|x86.Build.0 = Release|Any CPU
		{ACFD29BE-0A64-4C8B-ABCA-40D4F2188D06}.Debug|Any CPU.ActiveCfg = Debug|Any CPU
		{ACFD29BE-0A64-4C8B-ABCA-40D4F2188D06}.Debug|Any CPU.Build.0 = Debug|Any CPU
		{ACFD29BE-0A64-4C8B-ABCA-40D4F2188D06}.Debug|x64.ActiveCfg = Debug|Any CPU
		{ACFD29BE-0A64-4C8B-ABCA-40D4F2188D06}.Debug|x64.Build.0 = Debug|Any CPU
		{ACFD29BE-0A64-4C8B-ABCA-40D4F2188D06}.Debug|x86.ActiveCfg = Debug|Any CPU
		{ACFD29BE-0A64-4C8B-ABCA-40D4F2188D06}.Debug|x86.Build.0 = Debug|Any CPU
		{ACFD29BE-0A64-4C8B-ABCA-40D4F2188D06}.Release|Any CPU.ActiveCfg = Release|Any CPU
		{ACFD29BE-0A64-4C8B-ABCA-40D4F2188D06}.Release|Any CPU.Build.0 = Release|Any CPU
		{ACFD29BE-0A64-4C8B-ABCA-40D4F2188D06}.Release|x64.ActiveCfg = Release|Any CPU
		{ACFD29BE-0A64-4C8B-ABCA-40D4F2188D06}.Release|x64.Build.0 = Release|Any CPU
		{ACFD29BE-0A64-4C8B-ABCA-40D4F2188D06}.Release|x86.ActiveCfg = Release|Any CPU
		{ACFD29BE-0A64-4C8B-ABCA-40D4F2188D06}.Release|x86.Build.0 = Release|Any CPU
		{7A29711E-1E4D-41AD-93AF-9EC7327BC7AD}.Debug|Any CPU.ActiveCfg = Debug|Any CPU
		{7A29711E-1E4D-41AD-93AF-9EC7327BC7AD}.Debug|Any CPU.Build.0 = Debug|Any CPU
		{7A29711E-1E4D-41AD-93AF-9EC7327BC7AD}.Debug|x64.ActiveCfg = Debug|Any CPU
		{7A29711E-1E4D-41AD-93AF-9EC7327BC7AD}.Debug|x64.Build.0 = Debug|Any CPU
		{7A29711E-1E4D-41AD-93AF-9EC7327BC7AD}.Debug|x86.ActiveCfg = Debug|Any CPU
		{7A29711E-1E4D-41AD-93AF-9EC7327BC7AD}.Debug|x86.Build.0 = Debug|Any CPU
		{7A29711E-1E4D-41AD-93AF-9EC7327BC7AD}.Release|Any CPU.ActiveCfg = Release|Any CPU
		{7A29711E-1E4D-41AD-93AF-9EC7327BC7AD}.Release|Any CPU.Build.0 = Release|Any CPU
		{7A29711E-1E4D-41AD-93AF-9EC7327BC7AD}.Release|x64.ActiveCfg = Release|Any CPU
		{7A29711E-1E4D-41AD-93AF-9EC7327BC7AD}.Release|x64.Build.0 = Release|Any CPU
		{7A29711E-1E4D-41AD-93AF-9EC7327BC7AD}.Release|x86.ActiveCfg = Release|Any CPU
		{7A29711E-1E4D-41AD-93AF-9EC7327BC7AD}.Release|x86.Build.0 = Release|Any CPU
		{97B7769C-FF13-4276-AE23-A182279B2705}.Debug|Any CPU.ActiveCfg = Debug|Any CPU
		{97B7769C-FF13-4276-AE23-A182279B2705}.Debug|Any CPU.Build.0 = Debug|Any CPU
		{97B7769C-FF13-4276-AE23-A182279B2705}.Debug|x64.ActiveCfg = Debug|Any CPU
		{97B7769C-FF13-4276-AE23-A182279B2705}.Debug|x64.Build.0 = Debug|Any CPU
		{97B7769C-FF13-4276-AE23-A182279B2705}.Debug|x86.ActiveCfg = Debug|Any CPU
		{97B7769C-FF13-4276-AE23-A182279B2705}.Debug|x86.Build.0 = Debug|Any CPU
		{97B7769C-FF13-4276-AE23-A182279B2705}.Release|Any CPU.ActiveCfg = Release|Any CPU
		{97B7769C-FF13-4276-AE23-A182279B2705}.Release|Any CPU.Build.0 = Release|Any CPU
		{97B7769C-FF13-4276-AE23-A182279B2705}.Release|x64.ActiveCfg = Release|Any CPU
		{97B7769C-FF13-4276-AE23-A182279B2705}.Release|x64.Build.0 = Release|Any CPU
		{97B7769C-FF13-4276-AE23-A182279B2705}.Release|x86.ActiveCfg = Release|Any CPU
		{97B7769C-FF13-4276-AE23-A182279B2705}.Release|x86.Build.0 = Release|Any CPU
		{DDA6987B-3C57-441F-83F6-D05C08CCE74C}.Debug|Any CPU.ActiveCfg = Debug|Any CPU
		{DDA6987B-3C57-441F-83F6-D05C08CCE74C}.Debug|Any CPU.Build.0 = Debug|Any CPU
		{DDA6987B-3C57-441F-83F6-D05C08CCE74C}.Debug|x64.ActiveCfg = Debug|Any CPU
		{DDA6987B-3C57-441F-83F6-D05C08CCE74C}.Debug|x64.Build.0 = Debug|Any CPU
		{DDA6987B-3C57-441F-83F6-D05C08CCE74C}.Debug|x86.ActiveCfg = Debug|Any CPU
		{DDA6987B-3C57-441F-83F6-D05C08CCE74C}.Debug|x86.Build.0 = Debug|Any CPU
		{DDA6987B-3C57-441F-83F6-D05C08CCE74C}.Release|Any CPU.ActiveCfg = Release|Any CPU
		{DDA6987B-3C57-441F-83F6-D05C08CCE74C}.Release|Any CPU.Build.0 = Release|Any CPU
		{DDA6987B-3C57-441F-83F6-D05C08CCE74C}.Release|x64.ActiveCfg = Release|Any CPU
		{DDA6987B-3C57-441F-83F6-D05C08CCE74C}.Release|x64.Build.0 = Release|Any CPU
		{DDA6987B-3C57-441F-83F6-D05C08CCE74C}.Release|x86.ActiveCfg = Release|Any CPU
		{DDA6987B-3C57-441F-83F6-D05C08CCE74C}.Release|x86.Build.0 = Release|Any CPU
	EndGlobalSection
	GlobalSection(SolutionProperties) = preSolution
		HideSolutionNode = FALSE
	EndGlobalSection
	GlobalSection(NestedProjects) = preSolution
		{2DDF9DF2-494B-47EC-BDCE-92507D85175C} = {827E0CD3-B72D-47B6-A68D-7590B98EB39B}
		{58C8B7A4-2B75-47CB-9AD4-16C7ED796E90} = {827E0CD3-B72D-47B6-A68D-7590B98EB39B}
		{ACFD29BE-0A64-4C8B-ABCA-40D4F2188D06} = {827E0CD3-B72D-47B6-A68D-7590B98EB39B}
		{7A29711E-1E4D-41AD-93AF-9EC7327BC7AD} = {0C88DD14-F956-CE84-757C-A364CCF449FC}
		{97B7769C-FF13-4276-AE23-A182279B2705} = {0C88DD14-F956-CE84-757C-A364CCF449FC}
		{DDA6987B-3C57-441F-83F6-D05C08CCE74C} = {0C88DD14-F956-CE84-757C-A364CCF449FC}
	EndGlobalSection
EndGlobal
